
Microsoft Visual Studio Solution File, Format Version 12.00
# Visual Studio Version 16
VisualStudioVersion = 16.0.31727.386
MinimumVisualStudioVersion = 10.0.40219.1
Project("{FAE04EC0-301F-11D3-BF4B-00C04F79EFBC}") = "Pomogite-x2", "Pomogite-x2\Pomogite-x2.csproj", "{9577ADA7-BB3D-4882-96D9-79ED29540E34}"
EndProject
Global
	GlobalSection(SolutionConfigurationPlatforms) = preSolution
		Debug|Any CPU = Debug|Any CPU
		Release|Any CPU = Release|Any CPU
	EndGlobalSection
	GlobalSection(ProjectConfigurationPlatforms) = postSolution
		{9577ADA7-BB3D-4882-96D9-79ED29540E34}.Debug|Any CPU.ActiveCfg = Debug|Any CPU
		{9577ADA7-BB3D-4882-96D9-79ED29540E34}.Debug|Any CPU.Build.0 = Debug|Any CPU
		{9577ADA7-BB3D-4882-96D9-79ED29540E34}.Release|Any CPU.ActiveCfg = Release|Any CPU
		{9577ADA7-BB3D-4882-96D9-79ED29540E34}.Release|Any CPU.Build.0 = Release|Any CPU
	EndGlobalSection
	GlobalSection(SolutionProperties) = preSolution
		HideSolutionNode = FALSE
	EndGlobalSection
	GlobalSection(ExtensibilityGlobals) = postSolution
		SolutionGuid = {936D6825-9616-4BB6-A264-993AB3BE65A8}
	EndGlobalSection
EndGlobal
